
Microsoft Visual Studio Solution File, Format Version 12.00
# Visual Studio Version 17
VisualStudioVersion = 17.9.34728.123
MinimumVisualStudioVersion = 10.0.40219.1
Project("{FAE04EC0-301F-11D3-BF4B-00C04F79EFBC}") = "Test", "Test\Test.csproj", "{77354603-B6BD-4620-BCA3-274CFA6CBF9C}"
EndProject
Global
	GlobalSection(SolutionConfigurationPlatforms) = preSolution
		Debug|Any CPU = Debug|Any CPU
		Release|Any CPU = Release|Any CPU
	EndGlobalSection
	GlobalSection(ProjectConfigurationPlatforms) = postSolution
		{77354603-B6BD-4620-BCA3-274CFA6CBF9C}.Debug|Any CPU.ActiveCfg = Debug|Any CPU
		{77354603-B6BD-4620-BCA3-274CFA6CBF9C}.Debug|Any CPU.Build.0 = Debug|Any CPU
		{77354603-B6BD-4620-BCA3-274CFA6CBF9C}.Release|Any CPU.ActiveCfg = Release|Any CPU
		{77354603-B6BD-4620-BCA3-274CFA6CBF9C}.Release|Any CPU.Build.0 = Release|Any CPU
	EndGlobalSection
	GlobalSection(SolutionProperties) = preSolution
		HideSolutionNode = FALSE
	EndGlobalSection
	GlobalSection(ExtensibilityGlobals) = postSolution
		SolutionGuid = {3702F484-760E-4FE6-A7AC-375FCC005D15}
	EndGlobalSection
EndGlobal
