
Microsoft Visual Studio Solution File, Format Version 12.00
# Visual Studio Version 17
VisualStudioVersion = 17.9.34728.123
MinimumVisualStudioVersion = 10.0.40219.1
Project("{FAE04EC0-301F-11D3-BF4B-00C04F79EFBC}") = "baitaptuan5", "baitaptuan5\baitaptuan5.csproj", "{A2103CC7-8CDA-438A-BDF2-2706A8EC39CA}"
EndProject
Global
	GlobalSection(SolutionConfigurationPlatforms) = preSolution
		Debug|Any CPU = Debug|Any CPU
		Release|Any CPU = Release|Any CPU
	EndGlobalSection
	GlobalSection(ProjectConfigurationPlatforms) = postSolution
		{A2103CC7-8CDA-438A-BDF2-2706A8EC39CA}.Debug|Any CPU.ActiveCfg = Debug|Any CPU
		{A2103CC7-8CDA-438A-BDF2-2706A8EC39CA}.Debug|Any CPU.Build.0 = Debug|Any CPU
		{A2103CC7-8CDA-438A-BDF2-2706A8EC39CA}.Release|Any CPU.ActiveCfg = Release|Any CPU
		{A2103CC7-8CDA-438A-BDF2-2706A8EC39CA}.Release|Any CPU.Build.0 = Release|Any CPU
	EndGlobalSection
	GlobalSection(SolutionProperties) = preSolution
		HideSolutionNode = FALSE
	EndGlobalSection
	GlobalSection(ExtensibilityGlobals) = postSolution
		SolutionGuid = {D3C405BE-C4BA-41BE-BB43-38847C473261}
	EndGlobalSection
EndGlobal
